{
  "name": "morpion-ultimate",
  "version": "3.1.0",
  "lockfileVersion": 3,
  "requires": true,
  "packages": {
    "": {
      "name": "morpion-ultimate",
      "version": "3.1.0",
      "devDependencies": {
        "electron": "^30.0.0",
        "electron-builder": "^24.13.3"
      }
    }
  }
}
